
Microsoft Visual Studio Solution File, Format Version 12.00
# Visual Studio 14
VisualStudioVersion = 14.0.25123.0
MinimumVisualStudioVersion = 10.0.40219.1
Project("{FAE04EC0-301F-11D3-BF4B-00C04F79EFBC}") = "Odd or Even", "Odd or Even\Odd or Even.csproj", "{72BB2505-4E90-481F-88E8-1F220AFD4BC1}"
EndProject
Project("{FAE04EC0-301F-11D3-BF4B-00C04F79EFBC}") = "Moon Gravity", "Moon Gravity\Moon Gravity.csproj", "{0F865BC2-7E4C-4AB0-BD6F-28B7DE198229}"
EndProject
Project("{FAE04EC0-301F-11D3-BF4B-00C04F79EFBC}") = "Divide by 7 and 5", "Divide by 7 and 5\Divide by 7 and 5.csproj", "{D3A4DD8F-C48E-462D-97F9-98D85B2C9EE0}"
EndProject
Project("{FAE04EC0-301F-11D3-BF4B-00C04F79EFBC}") = "Rectangles", "Rectangles\Rectangles.csproj", "{0428E9ED-E0EB-4528-8F38-7E4191C121CC}"
EndProject
Project("{FAE04EC0-301F-11D3-BF4B-00C04F79EFBC}") = "Third digit", "Third digit\Third digit.csproj", "{E2191F8D-9F55-4FB0-A2FB-1E97D547725A}"
EndProject
Project("{FAE04EC0-301F-11D3-BF4B-00C04F79EFBC}") = "Four digits", "Four digits\Four digits.csproj", "{8F062AED-BC60-4B38-A690-C6D4CE8E05BE}"
EndProject
Project("{FAE04EC0-301F-11D3-BF4B-00C04F79EFBC}") = "Point in a circle", "Point in a circle\Point in a circle.csproj", "{4FAA9EA1-2B57-4CB6-9E8D-71DE8615BC51}"
EndProject
Project("{FAE04EC0-301F-11D3-BF4B-00C04F79EFBC}") = "Prime check", "Prime check\Prime check.csproj", "{0C0E56A1-E303-46F7-964A-F9973F67E781}"
EndProject
Project("{FAE04EC0-301F-11D3-BF4B-00C04F79EFBC}") = "Trapezoids", "Trapezoids\Trapezoids.csproj", "{8FE31CB8-16C8-4950-828E-13E5DDCF9BCB}"
EndProject
Project("{FAE04EC0-301F-11D3-BF4B-00C04F79EFBC}") = "Point, Circle, Rectangle", "Point, Circle, Rectangle\Point, Circle, Rectangle.csproj", "{71D19853-0589-4044-B097-2F25DAA8F7FB}"
EndProject
Project("{FAE04EC0-301F-11D3-BF4B-00C04F79EFBC}") = "3rd Bit", "3rd Bit\3rd Bit.csproj", "{37BB02F4-4D79-46CB-92AB-917336E58345}"
EndProject
Project("{FAE04EC0-301F-11D3-BF4B-00C04F79EFBC}") = "N-th Bit", "N-th Bit\N-th Bit.csproj", "{108B2C51-35A0-4831-9271-59CA618E8F4D}"
EndProject
Project("{FAE04EC0-301F-11D3-BF4B-00C04F79EFBC}") = "Modify Bit", "Modify Bit\Modify Bit.csproj", "{D2E8DC72-0CB5-4FC5-B9F8-393A62EEB408}"
EndProject
Project("{FAE04EC0-301F-11D3-BF4B-00C04F79EFBC}") = "BitExchange", "BitExchange\BitExchange.csproj", "{4B743162-7D55-4C4A-B71A-0452972C85E7}"
EndProject
Project("{FAE04EC0-301F-11D3-BF4B-00C04F79EFBC}") = "BitSwap", "BitSwap\BitSwap.csproj", "{60F4BDCA-412D-46B7-A92F-C35EDE11F3BE}"
EndProject
Project("{FAE04EC0-301F-11D3-BF4B-00C04F79EFBC}") = "PROBA", "PROBA\PROBA.csproj", "{732BDC85-0BB5-494D-9495-B25F7E5E3EFF}"
EndProject
Project("{FAE04EC0-301F-11D3-BF4B-00C04F79EFBC}") = "3rd Bit Ver2", "3rd Bit Ver2\3rd Bit Ver2.csproj", "{C1B0CF49-D286-416E-8771-D4C7F4138852}"
EndProject
Project("{FAE04EC0-301F-11D3-BF4B-00C04F79EFBC}") = "N-th Bit Ver2", "N-th Bit Ver2\N-th Bit Ver2.csproj", "{0F9F7F5B-A15A-4246-8BE3-8ED002DEFA0C}"
EndProject
Project("{FAE04EC0-301F-11D3-BF4B-00C04F79EFBC}") = "Modify Bit Ver2", "Modify Bit Ver2\Modify Bit Ver2.csproj", "{4ADF5070-1DD3-4670-A4C6-F15C96AFDC8C}"
EndProject
Project("{FAE04EC0-301F-11D3-BF4B-00C04F79EFBC}") = "BitSwap Ver2", "BitSwap Ver2\BitSwap Ver2.csproj", "{E55DEBE4-B48F-42A5-9E9E-962D2673F5A9}"
EndProject
Global
	GlobalSection(SolutionConfigurationPlatforms) = preSolution
		Debug|Any CPU = Debug|Any CPU
		Release|Any CPU = Release|Any CPU
	EndGlobalSection
	GlobalSection(ProjectConfigurationPlatforms) = postSolution
		{72BB2505-4E90-481F-88E8-1F220AFD4BC1}.Debug|Any CPU.ActiveCfg = Debug|Any CPU
		{72BB2505-4E90-481F-88E8-1F220AFD4BC1}.Debug|Any CPU.Build.0 = Debug|Any CPU
		{72BB2505-4E90-481F-88E8-1F220AFD4BC1}.Release|Any CPU.ActiveCfg = Release|Any CPU
		{72BB2505-4E90-481F-88E8-1F220AFD4BC1}.Release|Any CPU.Build.0 = Release|Any CPU
		{0F865BC2-7E4C-4AB0-BD6F-28B7DE198229}.Debug|Any CPU.ActiveCfg = Debug|Any CPU
		{0F865BC2-7E4C-4AB0-BD6F-28B7DE198229}.Debug|Any CPU.Build.0 = Debug|Any CPU
		{0F865BC2-7E4C-4AB0-BD6F-28B7DE198229}.Release|Any CPU.ActiveCfg = Release|Any CPU
		{0F865BC2-7E4C-4AB0-BD6F-28B7DE198229}.Release|Any CPU.Build.0 = Release|Any CPU
		{D3A4DD8F-C48E-462D-97F9-98D85B2C9EE0}.Debug|Any CPU.ActiveCfg = Debug|Any CPU
		{D3A4DD8F-C48E-462D-97F9-98D85B2C9EE0}.Debug|Any CPU.Build.0 = Debug|Any CPU
		{D3A4DD8F-C48E-462D-97F9-98D85B2C9EE0}.Release|Any CPU.ActiveCfg = Release|Any CPU
		{D3A4DD8F-C48E-462D-97F9-98D85B2C9EE0}.Release|Any CPU.Build.0 = Release|Any CPU
		{0428E9ED-E0EB-4528-8F38-7E4191C121CC}.Debug|Any CPU.ActiveCfg = Debug|Any CPU
		{0428E9ED-E0EB-4528-8F38-7E4191C121CC}.Debug|Any CPU.Build.0 = Debug|Any CPU
		{0428E9ED-E0EB-4528-8F38-7E4191C121CC}.Release|Any CPU.ActiveCfg = Release|Any CPU
		{0428E9ED-E0EB-4528-8F38-7E4191C121CC}.Release|Any CPU.Build.0 = Release|Any CPU
		{E2191F8D-9F55-4FB0-A2FB-1E97D547725A}.Debug|Any CPU.ActiveCfg = Debug|Any CPU
		{E2191F8D-9F55-4FB0-A2FB-1E97D547725A}.Debug|Any CPU.Build.0 = Debug|Any CPU
		{E2191F8D-9F55-4FB0-A2FB-1E97D547725A}.Release|Any CPU.ActiveCfg = Release|Any CPU
		{E2191F8D-9F55-4FB0-A2FB-1E97D547725A}.Release|Any CPU.Build.0 = Release|Any CPU
		{8F062AED-BC60-4B38-A690-C6D4CE8E05BE}.Debug|Any CPU.ActiveCfg = Debug|Any CPU
		{8F062AED-BC60-4B38-A690-C6D4CE8E05BE}.Debug|Any CPU.Build.0 = Debug|Any CPU
		{8F062AED-BC60-4B38-A690-C6D4CE8E05BE}.Release|Any CPU.ActiveCfg = Release|Any CPU
		{8F062AED-BC60-4B38-A690-C6D4CE8E05BE}.Release|Any CPU.Build.0 = Release|Any CPU
		{4FAA9EA1-2B57-4CB6-9E8D-71DE8615BC51}.Debug|Any CPU.ActiveCfg = Debug|Any CPU
		{4FAA9EA1-2B57-4CB6-9E8D-71DE8615BC51}.Debug|Any CPU.Build.0 = Debug|Any CPU
		{4FAA9EA1-2B57-4CB6-9E8D-71DE8615BC51}.Release|Any CPU.ActiveCfg = Release|Any CPU
		{4FAA9EA1-2B57-4CB6-9E8D-71DE8615BC51}.Release|Any CPU.Build.0 = Release|Any CPU
		{0C0E56A1-E303-46F7-964A-F9973F67E781}.Debug|Any CPU.ActiveCfg = Debug|Any CPU
		{0C0E56A1-E303-46F7-964A-F9973F67E781}.Debug|Any CPU.Build.0 = Debug|Any CPU
		{0C0E56A1-E303-46F7-964A-F9973F67E781}.Release|Any CPU.ActiveCfg = Release|Any CPU
		{0C0E56A1-E303-46F7-964A-F9973F67E781}.Release|Any CPU.Build.0 = Release|Any CPU
		{8FE31CB8-16C8-4950-828E-13E5DDCF9BCB}.Debug|Any CPU.ActiveCfg = Debug|Any CPU
		{8FE31CB8-16C8-4950-828E-13E5DDCF9BCB}.Debug|Any CPU.Build.0 = Debug|Any CPU
		{8FE31CB8-16C8-4950-828E-13E5DDCF9BCB}.Release|Any CPU.ActiveCfg = Release|Any CPU
		{8FE31CB8-16C8-4950-828E-13E5DDCF9BCB}.Release|Any CPU.Build.0 = Release|Any CPU
		{71D19853-0589-4044-B097-2F25DAA8F7FB}.Debug|Any CPU.ActiveCfg = Debug|Any CPU
		{71D19853-0589-4044-B097-2F25DAA8F7FB}.Debug|Any CPU.Build.0 = Debug|Any CPU
		{71D19853-0589-4044-B097-2F25DAA8F7FB}.Release|Any CPU.ActiveCfg = Release|Any CPU
		{71D19853-0589-4044-B097-2F25DAA8F7FB}.Release|Any CPU.Build.0 = Release|Any CPU
		{37BB02F4-4D79-46CB-92AB-917336E58345}.Debug|Any CPU.ActiveCfg = Debug|Any CPU
		{37BB02F4-4D79-46CB-92AB-917336E58345}.Debug|Any CPU.Build.0 = Debug|Any CPU
		{37BB02F4-4D79-46CB-92AB-917336E58345}.Release|Any CPU.ActiveCfg = Release|Any CPU
		{37BB02F4-4D79-46CB-92AB-917336E58345}.Release|Any CPU.Build.0 = Release|Any CPU
		{108B2C51-35A0-4831-9271-59CA618E8F4D}.Debug|Any CPU.ActiveCfg = Debug|Any CPU
		{108B2C51-35A0-4831-9271-59CA618E8F4D}.Debug|Any CPU.Build.0 = Debug|Any CPU
		{108B2C51-35A0-4831-9271-59CA618E8F4D}.Release|Any CPU.ActiveCfg = Release|Any CPU
		{108B2C51-35A0-4831-9271-59CA618E8F4D}.Release|Any CPU.Build.0 = Release|Any CPU
		{D2E8DC72-0CB5-4FC5-B9F8-393A62EEB408}.Debug|Any CPU.ActiveCfg = Debug|Any CPU
		{D2E8DC72-0CB5-4FC5-B9F8-393A62EEB408}.Debug|Any CPU.Build.0 = Debug|Any CPU
		{D2E8DC72-0CB5-4FC5-B9F8-393A62EEB408}.Release|Any CPU.ActiveCfg = Release|Any CPU
		{D2E8DC72-0CB5-4FC5-B9F8-393A62EEB408}.Release|Any CPU.Build.0 = Release|Any CPU
		{4B743162-7D55-4C4A-B71A-0452972C85E7}.Debug|Any CPU.ActiveCfg = Debug|Any CPU
		{4B743162-7D55-4C4A-B71A-0452972C85E7}.Debug|Any CPU.Build.0 = Debug|Any CPU
		{4B743162-7D55-4C4A-B71A-0452972C85E7}.Release|Any CPU.ActiveCfg = Release|Any CPU
		{4B743162-7D55-4C4A-B71A-0452972C85E7}.Release|Any CPU.Build.0 = Release|Any CPU
		{60F4BDCA-412D-46B7-A92F-C35EDE11F3BE}.Debug|Any CPU.ActiveCfg = Debug|Any CPU
		{60F4BDCA-412D-46B7-A92F-C35EDE11F3BE}.Debug|Any CPU.Build.0 = Debug|Any CPU
		{60F4BDCA-412D-46B7-A92F-C35EDE11F3BE}.Release|Any CPU.ActiveCfg = Release|Any CPU
		{60F4BDCA-412D-46B7-A92F-C35EDE11F3BE}.Release|Any CPU.Build.0 = Release|Any CPU
		{732BDC85-0BB5-494D-9495-B25F7E5E3EFF}.Debug|Any CPU.ActiveCfg = Debug|Any CPU
		{732BDC85-0BB5-494D-9495-B25F7E5E3EFF}.Debug|Any CPU.Build.0 = Debug|Any CPU
		{732BDC85-0BB5-494D-9495-B25F7E5E3EFF}.Release|Any CPU.ActiveCfg = Release|Any CPU
		{732BDC85-0BB5-494D-9495-B25F7E5E3EFF}.Release|Any CPU.Build.0 = Release|Any CPU
		{C1B0CF49-D286-416E-8771-D4C7F4138852}.Debug|Any CPU.ActiveCfg = Debug|Any CPU
		{C1B0CF49-D286-416E-8771-D4C7F4138852}.Debug|Any CPU.Build.0 = Debug|Any CPU
		{C1B0CF49-D286-416E-8771-D4C7F4138852}.Release|Any CPU.ActiveCfg = Release|Any CPU
		{C1B0CF49-D286-416E-8771-D4C7F4138852}.Release|Any CPU.Build.0 = Release|Any CPU
		{0F9F7F5B-A15A-4246-8BE3-8ED002DEFA0C}.Debug|Any CPU.ActiveCfg = Debug|Any CPU
		{0F9F7F5B-A15A-4246-8BE3-8ED002DEFA0C}.Debug|Any CPU.Build.0 = Debug|Any CPU
		{0F9F7F5B-A15A-4246-8BE3-8ED002DEFA0C}.Release|Any CPU.ActiveCfg = Release|Any CPU
		{0F9F7F5B-A15A-4246-8BE3-8ED002DEFA0C}.Release|Any CPU.Build.0 = Release|Any CPU
		{4ADF5070-1DD3-4670-A4C6-F15C96AFDC8C}.Debug|Any CPU.ActiveCfg = Debug|Any CPU
		{4ADF5070-1DD3-4670-A4C6-F15C96AFDC8C}.Debug|Any CPU.Build.0 = Debug|Any CPU
		{4ADF5070-1DD3-4670-A4C6-F15C96AFDC8C}.Release|Any CPU.ActiveCfg = Release|Any CPU
		{4ADF5070-1DD3-4670-A4C6-F15C96AFDC8C}.Release|Any CPU.Build.0 = Release|Any CPU
		{E55DEBE4-B48F-42A5-9E9E-962D2673F5A9}.Debug|Any CPU.ActiveCfg = Debug|Any CPU
		{E55DEBE4-B48F-42A5-9E9E-962D2673F5A9}.Debug|Any CPU.Build.0 = Debug|Any CPU
		{E55DEBE4-B48F-42A5-9E9E-962D2673F5A9}.Release|Any CPU.ActiveCfg = Release|Any CPU
		{E55DEBE4-B48F-42A5-9E9E-962D2673F5A9}.Release|Any CPU.Build.0 = Release|Any CPU
	EndGlobalSection
	GlobalSection(SolutionProperties) = preSolution
		HideSolutionNode = FALSE
	EndGlobalSection
EndGlobal
